
Microsoft Visual Studio Solution File, Format Version 12.00
# Visual Studio Version 16
VisualStudioVersion = 16.0.29215.179
MinimumVisualStudioVersion = 10.0.40219.1
Project("{FAE04EC0-301F-11D3-BF4B-00C04F79EFBC}") = "Arrays", "Arrays\Arrays.csproj", "{5691DDE5-63D8-49BB-AE29-8F4E6141A998}"
EndProject
Global
	GlobalSection(SolutionConfigurationPlatforms) = preSolution
		Debug|Any CPU = Debug|Any CPU
		Release|Any CPU = Release|Any CPU
	EndGlobalSection
	GlobalSection(ProjectConfigurationPlatforms) = postSolution
		{5691DDE5-63D8-49BB-AE29-8F4E6141A998}.Debug|Any CPU.ActiveCfg = Debug|Any CPU
		{5691DDE5-63D8-49BB-AE29-8F4E6141A998}.Debug|Any CPU.Build.0 = Debug|Any CPU
		{5691DDE5-63D8-49BB-AE29-8F4E6141A998}.Release|Any CPU.ActiveCfg = Release|Any CPU
		{5691DDE5-63D8-49BB-AE29-8F4E6141A998}.Release|Any CPU.Build.0 = Release|Any CPU
	EndGlobalSection
	GlobalSection(SolutionProperties) = preSolution
		HideSolutionNode = FALSE
	EndGlobalSection
	GlobalSection(ExtensibilityGlobals) = postSolution
		SolutionGuid = {CB1EE5CF-3658-4C46-8BF6-783FBEA25B65}
	EndGlobalSection
EndGlobal
